
Microsoft Visual Studio Solution File, Format Version 12.00
# Visual Studio Version 16
VisualStudioVersion = 16.0.29215.179
MinimumVisualStudioVersion = 10.0.40219.1
Project("{FAE04EC0-301F-11D3-BF4B-00C04F79EFBC}") = "Zoo", "Zoo\Zoo.csproj", "{10D9C4E1-C5DD-49F0-8D4D-B60E70F0143F}"
EndProject
Global
	GlobalSection(SolutionConfigurationPlatforms) = preSolution
		Debug|Any CPU = Debug|Any CPU
		Release|Any CPU = Release|Any CPU
	EndGlobalSection
	GlobalSection(ProjectConfigurationPlatforms) = postSolution
		{10D9C4E1-C5DD-49F0-8D4D-B60E70F0143F}.Debug|Any CPU.ActiveCfg = Debug|Any CPU
		{10D9C4E1-C5DD-49F0-8D4D-B60E70F0143F}.Debug|Any CPU.Build.0 = Debug|Any CPU
		{10D9C4E1-C5DD-49F0-8D4D-B60E70F0143F}.Release|Any CPU.ActiveCfg = Release|Any CPU
		{10D9C4E1-C5DD-49F0-8D4D-B60E70F0143F}.Release|Any CPU.Build.0 = Release|Any CPU
	EndGlobalSection
	GlobalSection(SolutionProperties) = preSolution
		HideSolutionNode = FALSE
	EndGlobalSection
	GlobalSection(ExtensibilityGlobals) = postSolution
		SolutionGuid = {52FA50E8-4F63-4E43-ADB2-E1B866C23989}
	EndGlobalSection
EndGlobal
